// !$*UTF8*$!
{
	archiveVersion = 1;
	classes = {
	};
	objectVersion = 56;
	objects = {

/* Begin PBXBuildFile section */
		CB2628562CA024AB00C98360 /* BaseViewControllerType.swift in Sources */ = {isa = PBXBuildFile; fileRef = CB2628552CA024AB00C98360 /* BaseViewControllerType.swift */; };
		CB26285D2CA02ACC00C98360 /* SizeLiteral.swift in Sources */ = {isa = PBXBuildFile; fileRef = CB26285C2CA02ACC00C98360 /* SizeLiteral.swift */; };
		CB26285F2CA02BFD00C98360 /* SettingButton.swift in Sources */ = {isa = PBXBuildFile; fileRef = CB26285E2CA02BFD00C98360 /* SettingButton.swift */; };
		CB2628612CA02C2000C98360 /* MoreButton.swift in Sources */ = {isa = PBXBuildFile; fileRef = CB2628602CA02C2000C98360 /* MoreButton.swift */; };
		CB2628642CA033EF00C98360 /* CalendarView.swift in Sources */ = {isa = PBXBuildFile; fileRef = CB2628632CA033EF00C98360 /* CalendarView.swift */; };
		CB3F697F2C9DAA5100635DBC /* AppDelegate.swift in Sources */ = {isa = PBXBuildFile; fileRef = CB3F697E2C9DAA5100635DBC /* AppDelegate.swift */; };
		CB3F69812C9DAA5100635DBC /* SceneDelegate.swift in Sources */ = {isa = PBXBuildFile; fileRef = CB3F69802C9DAA5100635DBC /* SceneDelegate.swift */; };
		CB3F69882C9DAA5400635DBC /* Assets.xcassets in Resources */ = {isa = PBXBuildFile; fileRef = CB3F69872C9DAA5400635DBC /* Assets.xcassets */; };
		CB3F69A22C9DAE9300635DBC /* Then in Frameworks */ = {isa = PBXBuildFile; productRef = CB3F69A12C9DAE9300635DBC /* Then */; };
		CB3F69A52C9DAF3F00635DBC /* SnapKit in Frameworks */ = {isa = PBXBuildFile; productRef = CB3F69A42C9DAF3F00635DBC /* SnapKit */; };
		CBA20E5C2C9DB2DF00455DC4 /* BaseViewType.swift in Sources */ = {isa = PBXBuildFile; fileRef = CBA20E5B2C9DB2DF00455DC4 /* BaseViewType.swift */; };
		CBA20E602C9DB36400455DC4 /* Navigationable.swift in Sources */ = {isa = PBXBuildFile; fileRef = CBA20E5F2C9DB36400455DC4 /* Navigationable.swift */; };
		CBA20E642C9DB41D00455DC4 /* UIViewController+Alert.swift in Sources */ = {isa = PBXBuildFile; fileRef = CBA20E632C9DB41D00455DC4 /* UIViewController+Alert.swift */; };
		CBA20E662C9DB43200455DC4 /* UIViewController+Keyboard.swift in Sources */ = {isa = PBXBuildFile; fileRef = CBA20E652C9DB43200455DC4 /* UIViewController+Keyboard.swift */; };
		CBA20E682C9DB43F00455DC4 /* UIViewController+Extension.swift in Sources */ = {isa = PBXBuildFile; fileRef = CBA20E672C9DB43F00455DC4 /* UIViewController+Extension.swift */; };
		CBA20E6B2C9DB46C00455DC4 /* UICollectionView+Extension.swift in Sources */ = {isa = PBXBuildFile; fileRef = CBA20E6A2C9DB46C00455DC4 /* UICollectionView+Extension.swift */; };
		CBA20E6D2C9DB48700455DC4 /* UIView+Extension.swift in Sources */ = {isa = PBXBuildFile; fileRef = CBA20E6C2C9DB48700455DC4 /* UIView+Extension.swift */; };
		CBA20E6F2C9DB4DC00455DC4 /* UIView+Animation.swift in Sources */ = {isa = PBXBuildFile; fileRef = CBA20E6E2C9DB4DC00455DC4 /* UIView+Animation.swift */; };
		CBA20E722C9DB51C00455DC4 /* NSObject+ClassName.swift in Sources */ = {isa = PBXBuildFile; fileRef = CBA20E712C9DB51C00455DC4 /* NSObject+ClassName.swift */; };
		CBA20E742C9DB52C00455DC4 /* String+DateFormatter.swift in Sources */ = {isa = PBXBuildFile; fileRef = CBA20E732C9DB52C00455DC4 /* String+DateFormatter.swift */; };
		CBA20E762C9DB53B00455DC4 /* Date+Extension.swift in Sources */ = {isa = PBXBuildFile; fileRef = CBA20E752C9DB53B00455DC4 /* Date+Extension.swift */; };
		CBA20E792C9DB65600455DC4 /* ColorSet.swift in Sources */ = {isa = PBXBuildFile; fileRef = CBA20E782C9DB65600455DC4 /* ColorSet.swift */; };
		CBA20E7B2C9DB66400455DC4 /* FontSet.swift in Sources */ = {isa = PBXBuildFile; fileRef = CBA20E7A2C9DB66400455DC4 /* FontSet.swift */; };
		CBA20E7D2C9DB66B00455DC4 /* ImageSet.swift in Sources */ = {isa = PBXBuildFile; fileRef = CBA20E7C2C9DB66B00455DC4 /* ImageSet.swift */; };
		CBA20E802C9DB6EF00455DC4 /* Palette.swift in Sources */ = {isa = PBXBuildFile; fileRef = CBA20E7F2C9DB6EF00455DC4 /* Palette.swift */; };
		CBA20E822C9DB6F600455DC4 /* Primary.swift in Sources */ = {isa = PBXBuildFile; fileRef = CBA20E812C9DB6F600455DC4 /* Primary.swift */; };
		CBA20E842C9DB6FD00455DC4 /* Semantic.swift in Sources */ = {isa = PBXBuildFile; fileRef = CBA20E832C9DB6FD00455DC4 /* Semantic.swift */; };
		CBA20E892C9DB88D00455DC4 /* Pretendard-Medium.otf in Resources */ = {isa = PBXBuildFile; fileRef = CBA20E862C9DB88D00455DC4 /* Pretendard-Medium.otf */; };
		CBA20E8A2C9DB88D00455DC4 /* Pretendard-Bold.otf in Resources */ = {isa = PBXBuildFile; fileRef = CBA20E852C9DB88D00455DC4 /* Pretendard-Bold.otf */; };
		CBA20E8B2C9DB88D00455DC4 /* Pretendard-SemiBold.otf in Resources */ = {isa = PBXBuildFile; fileRef = CBA20E882C9DB88D00455DC4 /* Pretendard-SemiBold.otf */; };
		CBA20E8C2C9DB88D00455DC4 /* Pretendard-Regular.otf in Resources */ = {isa = PBXBuildFile; fileRef = CBA20E872C9DB88D00455DC4 /* Pretendard-Regular.otf */; };
		CBA20E8F2C9DBB3B00455DC4 /* BackButton.swift in Sources */ = {isa = PBXBuildFile; fileRef = CBA20E8E2C9DBB3B00455DC4 /* BackButton.swift */; };
		CBA20E922C9DBBF000455DC4 /* ComposableArchitecture in Frameworks */ = {isa = PBXBuildFile; productRef = CBA20E912C9DBBF000455DC4 /* ComposableArchitecture */; };
		CBA20E962C9DBDAC00455DC4 /* MainViewController.swift in Sources */ = {isa = PBXBuildFile; fileRef = CBA20E952C9DBDAC00455DC4 /* MainViewController.swift */; };
		CBAAEAB42CA284E400844DB8 /* NoteViewController.swift in Sources */ = {isa = PBXBuildFile; fileRef = CBAAEAB32CA284E400844DB8 /* NoteViewController.swift */; };
		CBAAEAB62CA285F000844DB8 /* PlusButton.swift in Sources */ = {isa = PBXBuildFile; fileRef = CBAAEAB52CA285F000844DB8 /* PlusButton.swift */; };
		CBAAEAB82CA286D400844DB8 /* PaddingLabel.swift in Sources */ = {isa = PBXBuildFile; fileRef = CBAAEAB72CA286D400844DB8 /* PaddingLabel.swift */; };
		CBAAEABC2CA2882B00844DB8 /* DDayViewController.swift in Sources */ = {isa = PBXBuildFile; fileRef = CBAAEABB2CA2882B00844DB8 /* DDayViewController.swift */; };
		CBAAEABE2CA2883300844DB8 /* InfoViewController.swift in Sources */ = {isa = PBXBuildFile; fileRef = CBAAEABD2CA2883300844DB8 /* InfoViewController.swift */; };
		CBE870EA2CA183C4008544C1 /* TabBarController.swift in Sources */ = {isa = PBXBuildFile; fileRef = CBE870E92CA183C4008544C1 /* TabBarController.swift */; };
/* End PBXBuildFile section */

/* Begin PBXFileReference section */
		CB2628552CA024AB00C98360 /* BaseViewControllerType.swift */ = {isa = PBXFileReference; lastKnownFileType = sourcecode.swift; path = BaseViewControllerType.swift; sourceTree = "<group>"; };
		CB26285C2CA02ACC00C98360 /* SizeLiteral.swift */ = {isa = PBXFileReference; lastKnownFileType = sourcecode.swift; path = SizeLiteral.swift; sourceTree = "<group>"; };
		CB26285E2CA02BFD00C98360 /* SettingButton.swift */ = {isa = PBXFileReference; lastKnownFileType = sourcecode.swift; path = SettingButton.swift; sourceTree = "<group>"; };
		CB2628602CA02C2000C98360 /* MoreButton.swift */ = {isa = PBXFileReference; lastKnownFileType = sourcecode.swift; path = MoreButton.swift; sourceTree = "<group>"; };
		CB2628632CA033EF00C98360 /* CalendarView.swift */ = {isa = PBXFileReference; lastKnownFileType = sourcecode.swift; path = CalendarView.swift; sourceTree = "<group>"; };
		CB3F697B2C9DAA5100635DBC /* TimePlanner.app */ = {isa = PBXFileReference; explicitFileType = wrapper.application; includeInIndex = 0; path = TimePlanner.app; sourceTree = BUILT_PRODUCTS_DIR; };
		CB3F697E2C9DAA5100635DBC /* AppDelegate.swift */ = {isa = PBXFileReference; lastKnownFileType = sourcecode.swift; path = AppDelegate.swift; sourceTree = "<group>"; };
		CB3F69802C9DAA5100635DBC /* SceneDelegate.swift */ = {isa = PBXFileReference; lastKnownFileType = sourcecode.swift; path = SceneDelegate.swift; sourceTree = "<group>"; };
		CB3F69872C9DAA5400635DBC /* Assets.xcassets */ = {isa = PBXFileReference; lastKnownFileType = folder.assetcatalog; path = Assets.xcassets; sourceTree = "<group>"; };
		CB3F698C2C9DAA5400635DBC /* Info.plist */ = {isa = PBXFileReference; lastKnownFileType = text.plist.xml; path = Info.plist; sourceTree = "<group>"; };
		CB3F69992C9DAC9F00635DBC /* ko */ = {isa = PBXFileReference; lastKnownFileType = file.storyboard; name = ko; path = ko.lproj/LaunchScreen.storyboard; sourceTree = "<group>"; };
		CBA20E5B2C9DB2DF00455DC4 /* BaseViewType.swift */ = {isa = PBXFileReference; lastKnownFileType = sourcecode.swift; path = BaseViewType.swift; sourceTree = "<group>"; };
		CBA20E5F2C9DB36400455DC4 /* Navigationable.swift */ = {isa = PBXFileReference; lastKnownFileType = sourcecode.swift; path = Navigationable.swift; sourceTree = "<group>"; };
		CBA20E632C9DB41D00455DC4 /* UIViewController+Alert.swift */ = {isa = PBXFileReference; lastKnownFileType = sourcecode.swift; path = "UIViewController+Alert.swift"; sourceTree = "<group>"; };
		CBA20E652C9DB43200455DC4 /* UIViewController+Keyboard.swift */ = {isa = PBXFileReference; lastKnownFileType = sourcecode.swift; path = "UIViewController+Keyboard.swift"; sourceTree = "<group>"; };
		CBA20E672C9DB43F00455DC4 /* UIViewController+Extension.swift */ = {isa = PBXFileReference; lastKnownFileType = sourcecode.swift; path = "UIViewController+Extension.swift"; sourceTree = "<group>"; };
		CBA20E6A2C9DB46C00455DC4 /* UICollectionView+Extension.swift */ = {isa = PBXFileReference; lastKnownFileType = sourcecode.swift; path = "UICollectionView+Extension.swift"; sourceTree = "<group>"; };
		CBA20E6C2C9DB48700455DC4 /* UIView+Extension.swift */ = {isa = PBXFileReference; lastKnownFileType = sourcecode.swift; path = "UIView+Extension.swift"; sourceTree = "<group>"; };
		CBA20E6E2C9DB4DC00455DC4 /* UIView+Animation.swift */ = {isa = PBXFileReference; lastKnownFileType = sourcecode.swift; path = "UIView+Animation.swift"; sourceTree = "<group>"; };
		CBA20E712C9DB51C00455DC4 /* NSObject+ClassName.swift */ = {isa = PBXFileReference; lastKnownFileType = sourcecode.swift; path = "NSObject+ClassName.swift"; sourceTree = "<group>"; };
		CBA20E732C9DB52C00455DC4 /* String+DateFormatter.swift */ = {isa = PBXFileReference; lastKnownFileType = sourcecode.swift; path = "String+DateFormatter.swift"; sourceTree = "<group>"; };
		CBA20E752C9DB53B00455DC4 /* Date+Extension.swift */ = {isa = PBXFileReference; lastKnownFileType = sourcecode.swift; path = "Date+Extension.swift"; sourceTree = "<group>"; };
		CBA20E782C9DB65600455DC4 /* ColorSet.swift */ = {isa = PBXFileReference; lastKnownFileType = sourcecode.swift; path = ColorSet.swift; sourceTree = "<group>"; };
		CBA20E7A2C9DB66400455DC4 /* FontSet.swift */ = {isa = PBXFileReference; lastKnownFileType = sourcecode.swift; path = FontSet.swift; sourceTree = "<group>"; };
		CBA20E7C2C9DB66B00455DC4 /* ImageSet.swift */ = {isa = PBXFileReference; lastKnownFileType = sourcecode.swift; path = ImageSet.swift; sourceTree = "<group>"; };
		CBA20E7F2C9DB6EF00455DC4 /* Palette.swift */ = {isa = PBXFileReference; lastKnownFileType = sourcecode.swift; path = Palette.swift; sourceTree = "<group>"; };
		CBA20E812C9DB6F600455DC4 /* Primary.swift */ = {isa = PBXFileReference; lastKnownFileType = sourcecode.swift; path = Primary.swift; sourceTree = "<group>"; };
		CBA20E832C9DB6FD00455DC4 /* Semantic.swift */ = {isa = PBXFileReference; lastKnownFileType = sourcecode.swift; path = Semantic.swift; sourceTree = "<group>"; };
		CBA20E852C9DB88D00455DC4 /* Pretendard-Bold.otf */ = {isa = PBXFileReference; lastKnownFileType = file; path = "Pretendard-Bold.otf"; sourceTree = "<group>"; };
		CBA20E862C9DB88D00455DC4 /* Pretendard-Medium.otf */ = {isa = PBXFileReference; lastKnownFileType = file; path = "Pretendard-Medium.otf"; sourceTree = "<group>"; };
		CBA20E872C9DB88D00455DC4 /* Pretendard-Regular.otf */ = {isa = PBXFileReference; lastKnownFileType = file; path = "Pretendard-Regular.otf"; sourceTree = "<group>"; };
		CBA20E882C9DB88D00455DC4 /* Pretendard-SemiBold.otf */ = {isa = PBXFileReference; lastKnownFileType = file; path = "Pretendard-SemiBold.otf"; sourceTree = "<group>"; };
		CBA20E8E2C9DBB3B00455DC4 /* BackButton.swift */ = {isa = PBXFileReference; lastKnownFileType = sourcecode.swift; path = BackButton.swift; sourceTree = "<group>"; };
		CBA20E952C9DBDAC00455DC4 /* MainViewController.swift */ = {isa = PBXFileReference; lastKnownFileType = sourcecode.swift; path = MainViewController.swift; sourceTree = "<group>"; };
		CBAAEAB32CA284E400844DB8 /* NoteViewController.swift */ = {isa = PBXFileReference; lastKnownFileType = sourcecode.swift; path = NoteViewController.swift; sourceTree = "<group>"; };
		CBAAEAB52CA285F000844DB8 /* PlusButton.swift */ = {isa = PBXFileReference; lastKnownFileType = sourcecode.swift; path = PlusButton.swift; sourceTree = "<group>"; };
		CBAAEAB72CA286D400844DB8 /* PaddingLabel.swift */ = {isa = PBXFileReference; lastKnownFileType = sourcecode.swift; path = PaddingLabel.swift; sourceTree = "<group>"; };
		CBAAEABB2CA2882B00844DB8 /* DDayViewController.swift */ = {isa = PBXFileReference; lastKnownFileType = sourcecode.swift; path = DDayViewController.swift; sourceTree = "<group>"; };
		CBAAEABD2CA2883300844DB8 /* InfoViewController.swift */ = {isa = PBXFileReference; lastKnownFileType = sourcecode.swift; path = InfoViewController.swift; sourceTree = "<group>"; };
		CBE870E92CA183C4008544C1 /* TabBarController.swift */ = {isa = PBXFileReference; lastKnownFileType = sourcecode.swift; path = TabBarController.swift; sourceTree = "<group>"; };
/* End PBXFileReference section */

/* Begin PBXFrameworksBuildPhase section */
		CB3F69782C9DAA5100635DBC /* Frameworks */ = {
			isa = PBXFrameworksBuildPhase;
			buildActionMask = 2147483647;
			files = (
				CB3F69A22C9DAE9300635DBC /* Then in Frameworks */,
				CB3F69A52C9DAF3F00635DBC /* SnapKit in Frameworks */,
				CBA20E922C9DBBF000455DC4 /* ComposableArchitecture in Frameworks */,
			);
			runOnlyForDeploymentPostprocessing = 0;
		};
/* End PBXFrameworksBuildPhase section */

/* Begin PBXGroup section */
		CB26285B2CA02AC400C98360 /* Literal */ = {
			isa = PBXGroup;
			children = (
				CB26285C2CA02ACC00C98360 /* SizeLiteral.swift */,
			);
			path = Literal;
			sourceTree = "<group>";
		};
		CB2628622CA033E500C98360 /* Component */ = {
			isa = PBXGroup;
			children = (
				CB2628632CA033EF00C98360 /* CalendarView.swift */,
			);
			path = Component;
			sourceTree = "<group>";
		};
		CB3F69722C9DAA5100635DBC = {
			isa = PBXGroup;
			children = (
				CB3F697D2C9DAA5100635DBC /* TimePlanner */,
				CB3F697C2C9DAA5100635DBC /* Products */,
			);
			sourceTree = "<group>";
		};
		CB3F697C2C9DAA5100635DBC /* Products */ = {
			isa = PBXGroup;
			children = (
				CB3F697B2C9DAA5100635DBC /* TimePlanner.app */,
			);
			name = Products;
			sourceTree = "<group>";
		};
		CB3F697D2C9DAA5100635DBC /* TimePlanner */ = {
			isa = PBXGroup;
			children = (
				CB3F69942C9DAAAF00635DBC /* App */,
				CB3F69982C9DAC1D00635DBC /* Presentation */,
				CB3F69962C9DABB200635DBC /* Util */,
				CB3F69952C9DAB9D00635DBC /* Resource */,
			);
			path = TimePlanner;
			sourceTree = "<group>";
		};
		CB3F69942C9DAAAF00635DBC /* App */ = {
			isa = PBXGroup;
			children = (
				CB3F698C2C9DAA5400635DBC /* Info.plist */,
				CB3F697E2C9DAA5100635DBC /* AppDelegate.swift */,
				CB3F69802C9DAA5100635DBC /* SceneDelegate.swift */,
			);
			path = App;
			sourceTree = "<group>";
		};
		CB3F69952C9DAB9D00635DBC /* Resource */ = {
			isa = PBXGroup;
			children = (
				CBA20E772C9DB63600455DC4 /* Fonts */,
				CBA20E7E2C9DB6E200455DC4 /* Theme */,
				CB3F69892C9DAA5400635DBC /* LaunchScreen.storyboard */,
				CB3F69872C9DAA5400635DBC /* Assets.xcassets */,
				CBA20E782C9DB65600455DC4 /* ColorSet.swift */,
				CBA20E7A2C9DB66400455DC4 /* FontSet.swift */,
				CBA20E7C2C9DB66B00455DC4 /* ImageSet.swift */,
			);
			path = Resource;
			sourceTree = "<group>";
		};
		CB3F69962C9DABB200635DBC /* Util */ = {
			isa = PBXGroup;
			children = (
				CB26285B2CA02AC400C98360 /* Literal */,
				CB3F69972C9DABBA00635DBC /* Extension */,
			);
			path = Util;
			sourceTree = "<group>";
		};
		CB3F69972C9DABBA00635DBC /* Extension */ = {
			isa = PBXGroup;
			children = (
				CBA20E612C9DB40700455DC4 /* UI */,
				CBA20E702C9DB51000455DC4 /* Type */,
			);
			path = Extension;
			sourceTree = "<group>";
		};
		CB3F69982C9DAC1D00635DBC /* Presentation */ = {
			isa = PBXGroup;
			children = (
				CBA20E572C9DB24C00455DC4 /* Common */,
				CBE870E82CA183BD008544C1 /* Tab */,
				CBA20E562C9DB24600455DC4 /* Main */,
				CBAAEAB12CA284CF00844DB8 /* Note */,
				CBAAEAB92CA287FD00844DB8 /* DDay */,
				CBAAEABA2CA2880500844DB8 /* Info */,
			);
			path = Presentation;
			sourceTree = "<group>";
		};
		CBA20E562C9DB24600455DC4 /* Main */ = {
			isa = PBXGroup;
			children = (
				CB2628622CA033E500C98360 /* Component */,
				CBA20E952C9DBDAC00455DC4 /* MainViewController.swift */,
			);
			path = Main;
			sourceTree = "<group>";
		};
		CBA20E572C9DB24C00455DC4 /* Common */ = {
			isa = PBXGroup;
			children = (
				CBA20E5A2C9DB2C900455DC4 /* Base */,
				CBA20E8D2C9DBB3000455DC4 /* Component */,
			);
			path = Common;
			sourceTree = "<group>";
		};
		CBA20E5A2C9DB2C900455DC4 /* Base */ = {
			isa = PBXGroup;
			children = (
				CBA20E5B2C9DB2DF00455DC4 /* BaseViewType.swift */,
				CB2628552CA024AB00C98360 /* BaseViewControllerType.swift */,
				CBA20E5F2C9DB36400455DC4 /* Navigationable.swift */,
			);
			path = Base;
			sourceTree = "<group>";
		};
		CBA20E612C9DB40700455DC4 /* UI */ = {
			isa = PBXGroup;
			children = (
				CBA20E622C9DB40E00455DC4 /* UIViewController */,
				CBA20E692C9DB45E00455DC4 /* UIView */,
			);
			path = UI;
			sourceTree = "<group>";
		};
		CBA20E622C9DB40E00455DC4 /* UIViewController */ = {
			isa = PBXGroup;
			children = (
				CBA20E632C9DB41D00455DC4 /* UIViewController+Alert.swift */,
				CBA20E652C9DB43200455DC4 /* UIViewController+Keyboard.swift */,
				CBA20E672C9DB43F00455DC4 /* UIViewController+Extension.swift */,
			);
			path = UIViewController;
			sourceTree = "<group>";
		};
		CBA20E692C9DB45E00455DC4 /* UIView */ = {
			isa = PBXGroup;
			children = (
				CBA20E6A2C9DB46C00455DC4 /* UICollectionView+Extension.swift */,
				CBA20E6C2C9DB48700455DC4 /* UIView+Extension.swift */,
				CBA20E6E2C9DB4DC00455DC4 /* UIView+Animation.swift */,
			);
			path = UIView;
			sourceTree = "<group>";
		};
		CBA20E702C9DB51000455DC4 /* Type */ = {
			isa = PBXGroup;
			children = (
				CBA20E712C9DB51C00455DC4 /* NSObject+ClassName.swift */,
				CBA20E732C9DB52C00455DC4 /* String+DateFormatter.swift */,
				CBA20E752C9DB53B00455DC4 /* Date+Extension.swift */,
			);
			path = Type;
			sourceTree = "<group>";
		};
		CBA20E772C9DB63600455DC4 /* Fonts */ = {
			isa = PBXGroup;
			children = (
				CBA20E852C9DB88D00455DC4 /* Pretendard-Bold.otf */,
				CBA20E862C9DB88D00455DC4 /* Pretendard-Medium.otf */,
				CBA20E872C9DB88D00455DC4 /* Pretendard-Regular.otf */,
				CBA20E882C9DB88D00455DC4 /* Pretendard-SemiBold.otf */,
			);
			path = Fonts;
			sourceTree = "<group>";
		};
		CBA20E7E2C9DB6E200455DC4 /* Theme */ = {
			isa = PBXGroup;
			children = (
				CBA20E7F2C9DB6EF00455DC4 /* Palette.swift */,
				CBA20E812C9DB6F600455DC4 /* Primary.swift */,
				CBA20E832C9DB6FD00455DC4 /* Semantic.swift */,
			);
			path = Theme;
			sourceTree = "<group>";
		};
		CBA20E8D2C9DBB3000455DC4 /* Component */ = {
			isa = PBXGroup;
			children = (
				CBA20E8E2C9DBB3B00455DC4 /* BackButton.swift */,
				CB2628602CA02C2000C98360 /* MoreButton.swift */,
				CB26285E2CA02BFD00C98360 /* SettingButton.swift */,
				CBAAEAB52CA285F000844DB8 /* PlusButton.swift */,
				CBAAEAB72CA286D400844DB8 /* PaddingLabel.swift */,
			);
			path = Component;
			sourceTree = "<group>";
		};
		CBAAEAB12CA284CF00844DB8 /* Note */ = {
			isa = PBXGroup;
			children = (
				CBAAEAB22CA284D900844DB8 /* Component */,
				CBAAEAB32CA284E400844DB8 /* NoteViewController.swift */,
			);
			path = Note;
			sourceTree = "<group>";
		};
		CBAAEAB22CA284D900844DB8 /* Component */ = {
			isa = PBXGroup;
			children = (
			);
			path = Component;
			sourceTree = "<group>";
		};
		CBAAEAB92CA287FD00844DB8 /* DDay */ = {
			isa = PBXGroup;
			children = (
				CBAAEABB2CA2882B00844DB8 /* DDayViewController.swift */,
			);
			path = DDay;
			sourceTree = "<group>";
		};
		CBAAEABA2CA2880500844DB8 /* Info */ = {
			isa = PBXGroup;
			children = (
				CBAAEABD2CA2883300844DB8 /* InfoViewController.swift */,
			);
			path = Info;
			sourceTree = "<group>";
		};
		CBE870E82CA183BD008544C1 /* Tab */ = {
			isa = PBXGroup;
			children = (
				CBE870E92CA183C4008544C1 /* TabBarController.swift */,
			);
			path = Tab;
			sourceTree = "<group>";
		};
/* End PBXGroup section */

/* Begin PBXNativeTarget section */
		CB3F697A2C9DAA5100635DBC /* TimePlanner */ = {
			isa = PBXNativeTarget;
			buildConfigurationList = CB3F698F2C9DAA5400635DBC /* Build configuration list for PBXNativeTarget "TimePlanner" */;
			buildPhases = (
				CB3F69772C9DAA5100635DBC /* Sources */,
				CB3F69782C9DAA5100635DBC /* Frameworks */,
				CB3F69792C9DAA5100635DBC /* Resources */,
			);
			buildRules = (
			);
			dependencies = (
			);
			name = TimePlanner;
			packageProductDependencies = (
				CB3F69A12C9DAE9300635DBC /* Then */,
				CB3F69A42C9DAF3F00635DBC /* SnapKit */,
				CBA20E912C9DBBF000455DC4 /* ComposableArchitecture */,
			);
			productName = TimePlanner;
			productReference = CB3F697B2C9DAA5100635DBC /* TimePlanner.app */;
			productType = "com.apple.product-type.application";
		};
/* End PBXNativeTarget section */

/* Begin PBXProject section */
		CB3F69732C9DAA5100635DBC /* Project object */ = {
			isa = PBXProject;
			attributes = {
				BuildIndependentTargetsInParallel = 1;
				LastSwiftUpdateCheck = 1540;
				LastUpgradeCheck = 1540;
				TargetAttributes = {
					CB3F697A2C9DAA5100635DBC = {
						CreatedOnToolsVersion = 15.4;
					};
				};
			};
			buildConfigurationList = CB3F69762C9DAA5100635DBC /* Build configuration list for PBXProject "TimePlanner" */;
			compatibilityVersion = "Xcode 14.0";
			developmentRegion = ko;
			hasScannedForEncodings = 0;
			knownRegions = (
				Base,
				ko,
			);
			mainGroup = CB3F69722C9DAA5100635DBC;
			packageReferences = (
				CB3F69A02C9DAE9300635DBC /* XCRemoteSwiftPackageReference "Then" */,
				CB3F69A32C9DAF3F00635DBC /* XCRemoteSwiftPackageReference "SnapKit" */,
				CBA20E902C9DBBF000455DC4 /* XCRemoteSwiftPackageReference "swift-composable-architecture" */,
			);
			productRefGroup = CB3F697C2C9DAA5100635DBC /* Products */;
			projectDirPath = "";
			projectRoot = "";
			targets = (
				CB3F697A2C9DAA5100635DBC /* TimePlanner */,
			);
		};
/* End PBXProject section */

/* Begin PBXResourcesBuildPhase section */
		CB3F69792C9DAA5100635DBC /* Resources */ = {
			isa = PBXResourcesBuildPhase;
			buildActionMask = 2147483647;
			files = (
				CBA20E892C9DB88D00455DC4 /* Pretendard-Medium.otf in Resources */,
				CBA20E8A2C9DB88D00455DC4 /* Pretendard-Bold.otf in Resources */,
				CBA20E8B2C9DB88D00455DC4 /* Pretendard-SemiBold.otf in Resources */,
				CBA20E8C2C9DB88D00455DC4 /* Pretendard-Regular.otf in Resources */,
				CB3F69882C9DAA5400635DBC /* Assets.xcassets in Resources */,
			);
			runOnlyForDeploymentPostprocessing = 0;
		};
/* End PBXResourcesBuildPhase section */

/* Begin PBXSourcesBuildPhase section */
		CB3F69772C9DAA5100635DBC /* Sources */ = {
			isa = PBXSourcesBuildPhase;
			buildActionMask = 2147483647;
			files = (
				CBAAEAB42CA284E400844DB8 /* NoteViewController.swift in Sources */,
				CBA20E962C9DBDAC00455DC4 /* MainViewController.swift in Sources */,
				CBA20E6B2C9DB46C00455DC4 /* UICollectionView+Extension.swift in Sources */,
				CBA20E7D2C9DB66B00455DC4 /* ImageSet.swift in Sources */,
				CBE870EA2CA183C4008544C1 /* TabBarController.swift in Sources */,
				CBA20E722C9DB51C00455DC4 /* NSObject+ClassName.swift in Sources */,
				CBAAEAB82CA286D400844DB8 /* PaddingLabel.swift in Sources */,
				CBA20E802C9DB6EF00455DC4 /* Palette.swift in Sources */,
				CBA20E742C9DB52C00455DC4 /* String+DateFormatter.swift in Sources */,
				CBAAEAB62CA285F000844DB8 /* PlusButton.swift in Sources */,
				CB2628642CA033EF00C98360 /* CalendarView.swift in Sources */,
				CBA20E8F2C9DBB3B00455DC4 /* BackButton.swift in Sources */,
				CBA20E682C9DB43F00455DC4 /* UIViewController+Extension.swift in Sources */,
				CB26285F2CA02BFD00C98360 /* SettingButton.swift in Sources */,
				CBA20E792C9DB65600455DC4 /* ColorSet.swift in Sources */,
				CBA20E5C2C9DB2DF00455DC4 /* BaseViewType.swift in Sources */,
				CBAAEABC2CA2882B00844DB8 /* DDayViewController.swift in Sources */,
				CB26285D2CA02ACC00C98360 /* SizeLiteral.swift in Sources */,
				CBA20E842C9DB6FD00455DC4 /* Semantic.swift in Sources */,
				CB3F697F2C9DAA5100635DBC /* AppDelegate.swift in Sources */,
				CBA20E822C9DB6F600455DC4 /* Primary.swift in Sources */,
				CBA20E642C9DB41D00455DC4 /* UIViewController+Alert.swift in Sources */,
				CBA20E662C9DB43200455DC4 /* UIViewController+Keyboard.swift in Sources */,
				CBA20E602C9DB36400455DC4 /* Navigationable.swift in Sources */,
				CBA20E7B2C9DB66400455DC4 /* FontSet.swift in Sources */,
				CB2628562CA024AB00C98360 /* BaseViewControllerType.swift in Sources */,
				CB2628612CA02C2000C98360 /* MoreButton.swift in Sources */,
				CBA20E6D2C9DB48700455DC4 /* UIView+Extension.swift in Sources */,
				CBA20E762C9DB53B00455DC4 /* Date+Extension.swift in Sources */,
				CBA20E6F2C9DB4DC00455DC4 /* UIView+Animation.swift in Sources */,
				CBAAEABE2CA2883300844DB8 /* InfoViewController.swift in Sources */,
				CB3F69812C9DAA5100635DBC /* SceneDelegate.swift in Sources */,
			);
			runOnlyForDeploymentPostprocessing = 0;
		};
/* End PBXSourcesBuildPhase section */

/* Begin PBXVariantGroup section */
		CB3F69892C9DAA5400635DBC /* LaunchScreen.storyboard */ = {
			isa = PBXVariantGroup;
			children = (
				CB3F69992C9DAC9F00635DBC /* ko */,
			);
			name = LaunchScreen.storyboard;
			sourceTree = "<group>";
		};
/* End PBXVariantGroup section */

/* Begin XCBuildConfiguration section */
		CB3F698D2C9DAA5400635DBC /* Debug */ = {
			isa = XCBuildConfiguration;
			buildSettings = {
				ALWAYS_SEARCH_USER_PATHS = NO;
				ASSETCATALOG_COMPILER_GENERATE_SWIFT_ASSET_SYMBOL_EXTENSIONS = YES;
				CLANG_ANALYZER_LOCALIZABILITY_NONLOCALIZED = YES;
				CLANG_ANALYZER_NONNULL = YES;
				CLANG_ANALYZER_NUMBER_OBJECT_CONVERSION = YES_AGGRESSIVE;
				CLANG_CXX_LANGUAGE_STANDARD = "gnu++20";
				CLANG_ENABLE_MODULES = YES;
				CLANG_ENABLE_OBJC_ARC = YES;
				CLANG_ENABLE_OBJC_WEAK = YES;
				CLANG_WARN_BLOCK_CAPTURE_AUTORELEASING = YES;
				CLANG_WARN_BOOL_CONVERSION = YES;
				CLANG_WARN_COMMA = YES;
				CLANG_WARN_CONSTANT_CONVERSION = YES;
				CLANG_WARN_DEPRECATED_OBJC_IMPLEMENTATIONS = YES;
				CLANG_WARN_DIRECT_OBJC_ISA_USAGE = YES_ERROR;
				CLANG_WARN_DOCUMENTATION_COMMENTS = YES;
				CLANG_WARN_EMPTY_BODY = YES;
				CLANG_WARN_ENUM_CONVERSION = YES;
				CLANG_WARN_INFINITE_RECURSION = YES;
				CLANG_WARN_INT_CONVERSION = YES;
				CLANG_WARN_NON_LITERAL_NULL_CONVERSION = YES;
				CLANG_WARN_OBJC_IMPLICIT_RETAIN_SELF = YES;
				CLANG_WARN_OBJC_LITERAL_CONVERSION = YES;
				CLANG_WARN_OBJC_ROOT_CLASS = YES_ERROR;
				CLANG_WARN_QUOTED_INCLUDE_IN_FRAMEWORK_HEADER = YES;
				CLANG_WARN_RANGE_LOOP_ANALYSIS = YES;
				CLANG_WARN_STRICT_PROTOTYPES = YES;
				CLANG_WARN_SUSPICIOUS_MOVE = YES;
				CLANG_WARN_UNGUARDED_AVAILABILITY = YES_AGGRESSIVE;
				CLANG_WARN_UNREACHABLE_CODE = YES;
				CLANG_WARN__DUPLICATE_METHOD_MATCH = YES;
				COPY_PHASE_STRIP = NO;
				DEBUG_INFORMATION_FORMAT = dwarf;
				ENABLE_STRICT_OBJC_MSGSEND = YES;
				ENABLE_TESTABILITY = YES;
				ENABLE_USER_SCRIPT_SANDBOXING = YES;
				GCC_C_LANGUAGE_STANDARD = gnu17;
				GCC_DYNAMIC_NO_PIC = NO;
				GCC_NO_COMMON_BLOCKS = YES;
				GCC_OPTIMIZATION_LEVEL = 0;
				GCC_PREPROCESSOR_DEFINITIONS = (
					"DEBUG=1",
					"$(inherited)",
				);
				GCC_WARN_64_TO_32_BIT_CONVERSION = YES;
				GCC_WARN_ABOUT_RETURN_TYPE = YES_ERROR;
				GCC_WARN_UNDECLARED_SELECTOR = YES;
				GCC_WARN_UNINITIALIZED_AUTOS = YES_AGGRESSIVE;
				GCC_WARN_UNUSED_FUNCTION = YES;
				GCC_WARN_UNUSED_VARIABLE = YES;
				IPHONEOS_DEPLOYMENT_TARGET = 17.0;
				LOCALIZATION_PREFERS_STRING_CATALOGS = YES;
				MTL_ENABLE_DEBUG_INFO = INCLUDE_SOURCE;
				MTL_FAST_MATH = YES;
				ONLY_ACTIVE_ARCH = YES;
				SDKROOT = iphoneos;
				SWIFT_ACTIVE_COMPILATION_CONDITIONS = "DEBUG $(inherited)";
				SWIFT_OPTIMIZATION_LEVEL = "-Onone";
			};
			name = Debug;
		};
		CB3F698E2C9DAA5400635DBC /* Release */ = {
			isa = XCBuildConfiguration;
			buildSettings = {
				ALWAYS_SEARCH_USER_PATHS = NO;
				ASSETCATALOG_COMPILER_GENERATE_SWIFT_ASSET_SYMBOL_EXTENSIONS = YES;
				CLANG_ANALYZER_LOCALIZABILITY_NONLOCALIZED = YES;
				CLANG_ANALYZER_NONNULL = YES;
				CLANG_ANALYZER_NUMBER_OBJECT_CONVERSION = YES_AGGRESSIVE;
				CLANG_CXX_LANGUAGE_STANDARD = "gnu++20";
				CLANG_ENABLE_MODULES = YES;
				CLANG_ENABLE_OBJC_ARC = YES;
				CLANG_ENABLE_OBJC_WEAK = YES;
				CLANG_WARN_BLOCK_CAPTURE_AUTORELEASING = YES;
				CLANG_WARN_BOOL_CONVERSION = YES;
				CLANG_WARN_COMMA = YES;
				CLANG_WARN_CONSTANT_CONVERSION = YES;
				CLANG_WARN_DEPRECATED_OBJC_IMPLEMENTATIONS = YES;
				CLANG_WARN_DIRECT_OBJC_ISA_USAGE = YES_ERROR;
				CLANG_WARN_DOCUMENTATION_COMMENTS = YES;
				CLANG_WARN_EMPTY_BODY = YES;
				CLANG_WARN_ENUM_CONVERSION = YES;
				CLANG_WARN_INFINITE_RECURSION = YES;
				CLANG_WARN_INT_CONVERSION = YES;
				CLANG_WARN_NON_LITERAL_NULL_CONVERSION = YES;
				CLANG_WARN_OBJC_IMPLICIT_RETAIN_SELF = YES;
				CLANG_WARN_OBJC_LITERAL_CONVERSION = YES;
				CLANG_WARN_OBJC_ROOT_CLASS = YES_ERROR;
				CLANG_WARN_QUOTED_INCLUDE_IN_FRAMEWORK_HEADER = YES;
				CLANG_WARN_RANGE_LOOP_ANALYSIS = YES;
				CLANG_WARN_STRICT_PROTOTYPES = YES;
				CLANG_WARN_SUSPICIOUS_MOVE = YES;
				CLANG_WARN_UNGUARDED_AVAILABILITY = YES_AGGRESSIVE;
				CLANG_WARN_UNREACHABLE_CODE = YES;
				CLANG_WARN__DUPLICATE_METHOD_MATCH = YES;
				COPY_PHASE_STRIP = NO;
				DEBUG_INFORMATION_FORMAT = "dwarf-with-dsym";
				ENABLE_NS_ASSERTIONS = NO;
				ENABLE_STRICT_OBJC_MSGSEND = YES;
				ENABLE_USER_SCRIPT_SANDBOXING = YES;
				GCC_C_LANGUAGE_STANDARD = gnu17;
				GCC_NO_COMMON_BLOCKS = YES;
				GCC_WARN_64_TO_32_BIT_CONVERSION = YES;
				GCC_WARN_ABOUT_RETURN_TYPE = YES_ERROR;
				GCC_WARN_UNDECLARED_SELECTOR = YES;
				GCC_WARN_UNINITIALIZED_AUTOS = YES_AGGRESSIVE;
				GCC_WARN_UNUSED_FUNCTION = YES;
				GCC_WARN_UNUSED_VARIABLE = YES;
				IPHONEOS_DEPLOYMENT_TARGET = 17.0;
				LOCALIZATION_PREFERS_STRING_CATALOGS = YES;
				MTL_ENABLE_DEBUG_INFO = NO;
				MTL_FAST_MATH = YES;
				SDKROOT = iphoneos;
				SWIFT_COMPILATION_MODE = wholemodule;
				VALIDATE_PRODUCT = YES;
			};
			name = Release;
		};
		CB3F69902C9DAA5400635DBC /* Debug */ = {
			isa = XCBuildConfiguration;
			buildSettings = {
				ASSETCATALOG_COMPILER_APPICON_NAME = AppIcon;
				ASSETCATALOG_COMPILER_GLOBAL_ACCENT_COLOR_NAME = AccentColor;
				CODE_SIGN_STYLE = Automatic;
				CURRENT_PROJECT_VERSION = 1;
				DEVELOPMENT_TEAM = 3Y8YH8GWMM;
				GENERATE_INFOPLIST_FILE = YES;
				INFOPLIST_FILE = TimePlanner/App/Info.plist;
				INFOPLIST_KEY_LSApplicationCategoryType = "public.app-category.lifestyle";
				INFOPLIST_KEY_UIApplicationSupportsIndirectInputEvents = YES;
				INFOPLIST_KEY_UILaunchStoryboardName = LaunchScreen;
				INFOPLIST_KEY_UIMainStoryboardFile = "";
				INFOPLIST_KEY_UISupportedInterfaceOrientations = UIInterfaceOrientationPortrait;
				INFOPLIST_KEY_UISupportedInterfaceOrientations_iPad = "UIInterfaceOrientationLandscapeLeft UIInterfaceOrientationLandscapeRight UIInterfaceOrientationPortrait UIInterfaceOrientationPortraitUpsideDown";
				IPHONEOS_DEPLOYMENT_TARGET = 17.0;
				LD_RUNPATH_SEARCH_PATHS = (
					"$(inherited)",
					"@executable_path/Frameworks",
				);
				MARKETING_VERSION = 1.0.0;
				PRODUCT_BUNDLE_IDENTIFIER = dime.TimePlanner;
				PRODUCT_NAME = "$(TARGET_NAME)";
				SUPPORTED_PLATFORMS = "iphoneos iphonesimulator";
				SUPPORTS_MACCATALYST = NO;
				SUPPORTS_MAC_DESIGNED_FOR_IPHONE_IPAD = NO;
				SUPPORTS_XR_DESIGNED_FOR_IPHONE_IPAD = NO;
				SWIFT_EMIT_LOC_STRINGS = YES;
				SWIFT_VERSION = 5.0;
				TARGETED_DEVICE_FAMILY = 1;
			};
			name = Debug;
		};
		CB3F69912C9DAA5400635DBC /* Release */ = {
			isa = XCBuildConfiguration;
			buildSettings = {
				ASSETCATALOG_COMPILER_APPICON_NAME = AppIcon;
				ASSETCATALOG_COMPILER_GLOBAL_ACCENT_COLOR_NAME = AccentColor;
				CODE_SIGN_STYLE = Automatic;
				CURRENT_PROJECT_VERSION = 1;
				DEVELOPMENT_TEAM = 3Y8YH8GWMM;
				GENERATE_INFOPLIST_FILE = YES;
				INFOPLIST_FILE = TimePlanner/App/Info.plist;
				INFOPLIST_KEY_LSApplicationCategoryType = "public.app-category.lifestyle";
				INFOPLIST_KEY_UIApplicationSupportsIndirectInputEvents = YES;
				INFOPLIST_KEY_UILaunchStoryboardName = LaunchScreen;
				INFOPLIST_KEY_UIMainStoryboardFile = "";
				INFOPLIST_KEY_UISupportedInterfaceOrientations = UIInterfaceOrientationPortrait;
				INFOPLIST_KEY_UISupportedInterfaceOrientations_iPad = "UIInterfaceOrientationLandscapeLeft UIInterfaceOrientationLandscapeRight UIInterfaceOrientationPortrait UIInterfaceOrientationPortraitUpsideDown";
				IPHONEOS_DEPLOYMENT_TARGET = 17.0;
				LD_RUNPATH_SEARCH_PATHS = (
					"$(inherited)",
					"@executable_path/Frameworks",
				);
				MARKETING_VERSION = 1.0.0;
				PRODUCT_BUNDLE_IDENTIFIER = dime.TimePlanner;
				PRODUCT_NAME = "$(TARGET_NAME)";
				SUPPORTED_PLATFORMS = "iphoneos iphonesimulator";
				SUPPORTS_MACCATALYST = NO;
				SUPPORTS_MAC_DESIGNED_FOR_IPHONE_IPAD = NO;
				SUPPORTS_XR_DESIGNED_FOR_IPHONE_IPAD = NO;
				SWIFT_EMIT_LOC_STRINGS = YES;
				SWIFT_VERSION = 5.0;
				TARGETED_DEVICE_FAMILY = 1;
			};
			name = Release;
		};
/* End XCBuildConfiguration section */

/* Begin XCConfigurationList section */
		CB3F69762C9DAA5100635DBC /* Build configuration list for PBXProject "TimePlanner" */ = {
			isa = XCConfigurationList;
			buildConfigurations = (
				CB3F698D2C9DAA5400635DBC /* Debug */,
				CB3F698E2C9DAA5400635DBC /* Release */,
			);
			defaultConfigurationIsVisible = 0;
			defaultConfigurationName = Release;
		};
		CB3F698F2C9DAA5400635DBC /* Build configuration list for PBXNativeTarget "TimePlanner" */ = {
			isa = XCConfigurationList;
			buildConfigurations = (
				CB3F69902C9DAA5400635DBC /* Debug */,
				CB3F69912C9DAA5400635DBC /* Release */,
			);
			defaultConfigurationIsVisible = 0;
			defaultConfigurationName = Release;
		};
/* End XCConfigurationList section */

/* Begin XCRemoteSwiftPackageReference section */
		CB3F69A02C9DAE9300635DBC /* XCRemoteSwiftPackageReference "Then" */ = {
			isa = XCRemoteSwiftPackageReference;
			repositoryURL = "https://github.com/devxoul/Then.git";
			requirement = {
				kind = upToNextMajorVersion;
				minimumVersion = 3.0.0;
			};
		};
		CB3F69A32C9DAF3F00635DBC /* XCRemoteSwiftPackageReference "SnapKit" */ = {
			isa = XCRemoteSwiftPackageReference;
			repositoryURL = "https://github.com/SnapKit/SnapKit.git";
			requirement = {
				kind = upToNextMajorVersion;
				minimumVersion = 5.7.1;
			};
		};
		CBA20E902C9DBBF000455DC4 /* XCRemoteSwiftPackageReference "swift-composable-architecture" */ = {
			isa = XCRemoteSwiftPackageReference;
			repositoryURL = "https://github.com/pointfreeco/swift-composable-architecture.git";
			requirement = {
				kind = upToNextMajorVersion;
				minimumVersion = 1.15.0;
			};
		};
/* End XCRemoteSwiftPackageReference section */

/* Begin XCSwiftPackageProductDependency section */
		CB3F69A12C9DAE9300635DBC /* Then */ = {
			isa = XCSwiftPackageProductDependency;
			package = CB3F69A02C9DAE9300635DBC /* XCRemoteSwiftPackageReference "Then" */;
			productName = Then;
		};
		CB3F69A42C9DAF3F00635DBC /* SnapKit */ = {
			isa = XCSwiftPackageProductDependency;
			package = CB3F69A32C9DAF3F00635DBC /* XCRemoteSwiftPackageReference "SnapKit" */;
			productName = SnapKit;
		};
		CBA20E912C9DBBF000455DC4 /* ComposableArchitecture */ = {
			isa = XCSwiftPackageProductDependency;
			package = CBA20E902C9DBBF000455DC4 /* XCRemoteSwiftPackageReference "swift-composable-architecture" */;
			productName = ComposableArchitecture;
		};
/* End XCSwiftPackageProductDependency section */
	};
	rootObject = CB3F69732C9DAA5100635DBC /* Project object */;
}
